<Solution>
  <Configurations>
    <Platform Name="Any CPU" />
    <Platform Name="x64" />
  </Configurations>
  <Folder Name="/framework/">
    <Project Path="../GCModeller/src/runtime/Darwinism/src/data/LINQ/LINQ/LINQ.vbproj">
      <Platform Solution="*|x64" Project="x64" />
    </Project>
    <Project Path="../GCModeller/src/runtime/httpd/src/Flute/Flute.NET5.vbproj">
      <Platform Solution="*|x64" Project="x64" />
    </Project>
    <Project Path="../GCModeller/src/runtime/sciBASIC#/Microsoft.VisualBasic.Core/src/Core.vbproj">
      <Platform Solution="*|x64" Project="x64" />
    </Project>
    <Project Path="../GCModeller/src/runtime/sciBASIC#/vs_solutions/dev/VisualStudio/VisualStudio.NET5.vbproj">
      <Platform Solution="*|x64" Project="x64" />
    </Project>
  </Folder>
  <Folder Name="/framework/doc/">
    <Project Path="../GCModeller/src/runtime/sciBASIC#/Data/DataFrame/dataframework-netcore5.vbproj">
      <Platform Solution="*|x64" Project="x64" />
    </Project>
    <Project Path="../GCModeller/src/runtime/sciBASIC#/mime/application%json/JSON-netcore5.vbproj">
      <Platform Solution="*|x64" Project="x64" />
    </Project>
    <Project Path="../GCModeller/src/runtime/sciBASIC#/mime/text%markdown/markdown.NET5.vbproj">
      <Platform Solution="*|x64" Project="x64" />
    </Project>
  </Folder>
  <Folder Name="/framework/math/">
    <Project Path="../GCModeller/src/runtime/sciBASIC#/Data_science/DataMining/DataMining/DataMining.NET5.vbproj">
      <Platform Solution="*|x64" Project="x64" />
    </Project>
    <Project Path="../GCModeller/src/runtime/sciBASIC#/Data_science/DataMining/UMAP/UMAP.NET5.vbproj">
      <Platform Solution="*|x64" Project="x64" />
    </Project>
    <Project Path="../GCModeller/src/runtime/sciBASIC#/Data_science/Graph/graph-netcore5.vbproj">
      <Platform Solution="*|x64" Project="x64" />
    </Project>
    <Project Path="../GCModeller/src/runtime/sciBASIC#/Data_science/Mathematica/Math/Math/Math.NET5.vbproj">
      <Platform Solution="*|x64" Project="x64" />
    </Project>
    <Project Path="../GCModeller/src/runtime/sciBASIC#/Data_science/Mathematica/Math/Randomizer/randomizer-netcore5.vbproj">
      <Platform Solution="*|x64" Project="x64" />
    </Project>
    <Project Path="../GCModeller/src/runtime/sciBASIC#/nlp/NLP/NLP.NET.vbproj">
      <Platform Solution="*|x64" Project="x64" />
    </Project>
  </Folder>
  <Folder Name="/server/">
    <Project Path="../GCModeller/src/runtime/httpd/src/HTTP_SERVER/Fluteway.vbproj">
      <Platform Solution="*|x64" Project="x64" />
    </Project>
    <Project Path="../JSql/src/JSql/JSql.vbproj">
      <Platform Solution="*|x64" Project="x64" />
    </Project>
    <Project Path="src/LSP/languageserver/languageserver.vbproj" Id="6e70405c-d964-456b-8cdc-54140e7b3e1d" />
    <Project Path="src/Nuget/Nuget.vbproj">
      <Platform Solution="*|x64" Project="x64" />
    </Project>
    <Project Path="src/Readership/Readership.vbproj" Id="b480d0c5-84ec-44f8-be0f-b3fb7640aa31">
      <Platform Solution="Release|x64" Project="x64" />
    </Project>
  </Folder>
  <Project Path="src/xGet/xGet.vbproj" Id="b217e061-6101-4314-850b-29c931e01485">
    <Platform Solution="*|x64" Project="x64" />
  </Project>
  <Project Path="test/test.vbproj">
    <Platform Solution="*|x64" Project="x64" />
  </Project>
</Solution>
